
Microsoft Visual Studio Solution File, Format Version 12.00
# Visual Studio Version 17
VisualStudioVersion = 17.3.32901.215
MinimumVisualStudioVersion = 10.0.40219.1
Project("{FAE04EC0-301F-11D3-BF4B-00C04F79EFBC}") = "MrMed", "MrMed\MrMed.csproj", "{4DA998B7-7178-4B1F-A098-12418AAC6F22}"
EndProject
Global
	GlobalSection(SolutionConfigurationPlatforms) = preSolution
		Debug|Any CPU = Debug|Any CPU
		Release|Any CPU = Release|Any CPU
	EndGlobalSection
	GlobalSection(ProjectConfigurationPlatforms) = postSolution
		{4DA998B7-7178-4B1F-A098-12418AAC6F22}.Debug|Any CPU.ActiveCfg = Debug|Any CPU
		{4DA998B7-7178-4B1F-A098-12418AAC6F22}.Debug|Any CPU.Build.0 = Debug|Any CPU
		{4DA998B7-7178-4B1F-A098-12418AAC6F22}.Release|Any CPU.ActiveCfg = Release|Any CPU
		{4DA998B7-7178-4B1F-A098-12418AAC6F22}.Release|Any CPU.Build.0 = Release|Any CPU
	EndGlobalSection
	GlobalSection(SolutionProperties) = preSolution
		HideSolutionNode = FALSE
	EndGlobalSection
	GlobalSection(ExtensibilityGlobals) = postSolution
		SolutionGuid = {781BAFC3-2A76-4F4A-80DB-6871D0053CD0}
	EndGlobalSection
EndGlobal
